[[package]]
name = "gnuplot"
version = "0.0.26"
source = "registry+https://github.com/rust-lang/crates.io-index"

[[package]]
name = "timeplot"
version = "0.3.0"
dependencies = [
 "gnuplot 0.0.26 (registry+https://github.com/rust-lang/crates.io-index)",
]

[metadata]
"checksum gnuplot 0.0.26 (registry+https://github.com/rust-lang/crates.io-index)" = "94ced719051688349bcae457d79b0bb7a4f154ff53b5afef67be4c300651d913"
